// !$*UTF8*$!
{
	archiveVersion = 1;
	classes = {
	};
	objectVersion = 55;
	objects = {

/* Begin PBXBuildFile section */
		6E8A281F27DC757100622762 /* LifespanPrediction WatchKit App.app in Embed Watch Content */ = {isa = PBXBuildFile; fileRef = 6E8A281E27DC757100622762 /* LifespanPrediction WatchKit App.app */; settings = {ATTRIBUTES = (RemoveHeadersOnCopy, ); }; };
		6E8A282427DC757300622762 /* Assets.xcassets in Resources */ = {isa = PBXBuildFile; fileRef = 6E8A282327DC757300622762 /* Assets.xcassets */; };
		6E8A282A27DC757300622762 /* LifespanPrediction WatchKit Extension.appex in Embed App Extensions */ = {isa = PBXBuildFile; fileRef = 6E8A282927DC757300622762 /* LifespanPrediction WatchKit Extension.appex */; settings = {ATTRIBUTES = (RemoveHeadersOnCopy, ); }; };
		6E8A282F27DC757300622762 /* LifespanPredictionApp.swift in Sources */ = {isa = PBXBuildFile; fileRef = 6E8A282E27DC757300622762 /* LifespanPredictionApp.swift */; };
		6E8A283127DC757300622762 /* ContentView.swift in Sources */ = {isa = PBXBuildFile; fileRef = 6E8A283027DC757300622762 /* ContentView.swift */; };
		6E8A283327DC757300622762 /* NotificationController.swift in Sources */ = {isa = PBXBuildFile; fileRef = 6E8A283227DC757300622762 /* NotificationController.swift */; };
		6E8A283527DC757300622762 /* NotificationView.swift in Sources */ = {isa = PBXBuildFile; fileRef = 6E8A283427DC757300622762 /* NotificationView.swift */; };
		6E8A283727DC757300622762 /* ComplicationController.swift in Sources */ = {isa = PBXBuildFile; fileRef = 6E8A283627DC757300622762 /* ComplicationController.swift */; };
		6E8A283927DC757400622762 /* Assets.xcassets in Resources */ = {isa = PBXBuildFile; fileRef = 6E8A283827DC757400622762 /* Assets.xcassets */; };
		6E8A283C27DC757400622762 /* Preview Assets.xcassets in Resources */ = {isa = PBXBuildFile; fileRef = 6E8A283B27DC757400622762 /* Preview Assets.xcassets */; };
		6E8A284D27DC7AC700622762 /* CalculateView.swift in Sources */ = {isa = PBXBuildFile; fileRef = 6E8A284C27DC7AC700622762 /* CalculateView.swift */; };
		6E8A284F27DC8ED300622762 /* ExerciseView.swift in Sources */ = {isa = PBXBuildFile; fileRef = 6E8A284E27DC8ED300622762 /* ExerciseView.swift */; };
		6E8A285127DC916800622762 /* LifespanModel.swift in Sources */ = {isa = PBXBuildFile; fileRef = 6E8A285027DC916800622762 /* LifespanModel.swift */; };
		6EA2579427E0981B0081225F /* InputViews.swift in Sources */ = {isa = PBXBuildFile; fileRef = 6EA2579327E0981B0081225F /* InputViews.swift */; };
		6EA2579627E098650081225F /* DrugsView.swift in Sources */ = {isa = PBXBuildFile; fileRef = 6EA2579527E098650081225F /* DrugsView.swift */; };
		6EA2579A27E09FD10081225F /* DietView.swift in Sources */ = {isa = PBXBuildFile; fileRef = 6EA2579927E09FD10081225F /* DietView.swift */; };
		6EA2579C27E0A1030081225F /* BMIView.swift in Sources */ = {isa = PBXBuildFile; fileRef = 6EA2579B27E0A1030081225F /* BMIView.swift */; };
		6EA2579E27E0A2FA0081225F /* SleepView.swift in Sources */ = {isa = PBXBuildFile; fileRef = 6EA2579D27E0A2FA0081225F /* SleepView.swift */; };
		6EA257A027E0A38A0081225F /* ClockView.swift in Sources */ = {isa = PBXBuildFile; fileRef = 6EA2579F27E0A38A0081225F /* ClockView.swift */; };
		6EA257A227E0A6890081225F /* BasicsView.swift in Sources */ = {isa = PBXBuildFile; fileRef = 6EA257A127E0A6890081225F /* BasicsView.swift */; };
/* End PBXBuildFile section */

/* Begin PBXContainerItemProxy section */
		6E8A282027DC757100622762 /* PBXContainerItemProxy */ = {
			isa = PBXContainerItemProxy;
			containerPortal = 6E8A281427DC757000622762 /* Project object */;
			proxyType = 1;
			remoteGlobalIDString = 6E8A281D27DC757100622762;
			remoteInfo = "LifespanPrediction WatchKit App";
		};
		6E8A282B27DC757300622762 /* PBXContainerItemProxy */ = {
			isa = PBXContainerItemProxy;
			containerPortal = 6E8A281427DC757000622762 /* Project object */;
			proxyType = 1;
			remoteGlobalIDString = 6E8A282827DC757300622762;
			remoteInfo = "LifespanPrediction WatchKit Extension";
		};
/* End PBXContainerItemProxy section */

/* Begin PBXCopyFilesBuildPhase section */
		6E8A284427DC757400622762 /* Embed App Extensions */ = {
			isa = PBXCopyFilesBuildPhase;
			buildActionMask = 2147483647;
			dstPath = "";
			dstSubfolderSpec = 13;
			files = (
				6E8A282A27DC757300622762 /* LifespanPrediction WatchKit Extension.appex in Embed App Extensions */,
			);
			name = "Embed App Extensions";
			runOnlyForDeploymentPostprocessing = 0;
		};
		6E8A284827DC757400622762 /* Embed Watch Content */ = {
			isa = PBXCopyFilesBuildPhase;
			buildActionMask = 2147483647;
			dstPath = "$(CONTENTS_FOLDER_PATH)/Watch";
			dstSubfolderSpec = 16;
			files = (
				6E8A281F27DC757100622762 /* LifespanPrediction WatchKit App.app in Embed Watch Content */,
			);
			name = "Embed Watch Content";
			runOnlyForDeploymentPostprocessing = 0;
		};
/* End PBXCopyFilesBuildPhase section */

/* Begin PBXFileReference section */
		6E8A281A27DC757000622762 /* LifespanPrediction.app */ = {isa = PBXFileReference; explicitFileType = wrapper.application; includeInIndex = 0; path = LifespanPrediction.app; sourceTree = BUILT_PRODUCTS_DIR; };
		6E8A281E27DC757100622762 /* LifespanPrediction WatchKit App.app */ = {isa = PBXFileReference; explicitFileType = wrapper.application; includeInIndex = 0; path = "LifespanPrediction WatchKit App.app"; sourceTree = BUILT_PRODUCTS_DIR; };
		6E8A282327DC757300622762 /* Assets.xcassets */ = {isa = PBXFileReference; lastKnownFileType = folder.assetcatalog; path = Assets.xcassets; sourceTree = "<group>"; };
		6E8A282927DC757300622762 /* LifespanPrediction WatchKit Extension.appex */ = {isa = PBXFileReference; explicitFileType = "wrapper.app-extension"; includeInIndex = 0; path = "LifespanPrediction WatchKit Extension.appex"; sourceTree = BUILT_PRODUCTS_DIR; };
		6E8A282E27DC757300622762 /* LifespanPredictionApp.swift */ = {isa = PBXFileReference; lastKnownFileType = sourcecode.swift; path = LifespanPredictionApp.swift; sourceTree = "<group>"; };
		6E8A283027DC757300622762 /* ContentView.swift */ = {isa = PBXFileReference; lastKnownFileType = sourcecode.swift; path = ContentView.swift; sourceTree = "<group>"; };
		6E8A283227DC757300622762 /* NotificationController.swift */ = {isa = PBXFileReference; lastKnownFileType = sourcecode.swift; path = NotificationController.swift; sourceTree = "<group>"; };
		6E8A283427DC757300622762 /* NotificationView.swift */ = {isa = PBXFileReference; lastKnownFileType = sourcecode.swift; path = NotificationView.swift; sourceTree = "<group>"; };
		6E8A283627DC757300622762 /* ComplicationController.swift */ = {isa = PBXFileReference; lastKnownFileType = sourcecode.swift; path = ComplicationController.swift; sourceTree = "<group>"; };
		6E8A283827DC757400622762 /* Assets.xcassets */ = {isa = PBXFileReference; lastKnownFileType = folder.assetcatalog; path = Assets.xcassets; sourceTree = "<group>"; };
		6E8A283B27DC757400622762 /* Preview Assets.xcassets */ = {isa = PBXFileReference; lastKnownFileType = folder.assetcatalog; path = "Preview Assets.xcassets"; sourceTree = "<group>"; };
		6E8A283D27DC757400622762 /* Info.plist */ = {isa = PBXFileReference; lastKnownFileType = text.plist.xml; path = Info.plist; sourceTree = "<group>"; };
		6E8A283E27DC757400622762 /* PushNotificationPayload.apns */ = {isa = PBXFileReference; lastKnownFileType = text; path = PushNotificationPayload.apns; sourceTree = "<group>"; };
		6E8A284C27DC7AC700622762 /* CalculateView.swift */ = {isa = PBXFileReference; lastKnownFileType = sourcecode.swift; path = CalculateView.swift; sourceTree = "<group>"; };
		6E8A284E27DC8ED300622762 /* ExerciseView.swift */ = {isa = PBXFileReference; lastKnownFileType = sourcecode.swift; path = ExerciseView.swift; sourceTree = "<group>"; };
		6E8A285027DC916800622762 /* LifespanModel.swift */ = {isa = PBXFileReference; lastKnownFileType = sourcecode.swift; path = LifespanModel.swift; sourceTree = "<group>"; };
		6EA2579327E0981B0081225F /* InputViews.swift */ = {isa = PBXFileReference; lastKnownFileType = sourcecode.swift; path = InputViews.swift; sourceTree = "<group>"; };
		6EA2579527E098650081225F /* DrugsView.swift */ = {isa = PBXFileReference; lastKnownFileType = sourcecode.swift; path = DrugsView.swift; sourceTree = "<group>"; };
		6EA2579927E09FD10081225F /* DietView.swift */ = {isa = PBXFileReference; lastKnownFileType = sourcecode.swift; path = DietView.swift; sourceTree = "<group>"; };
		6EA2579B27E0A1030081225F /* BMIView.swift */ = {isa = PBXFileReference; lastKnownFileType = sourcecode.swift; path = BMIView.swift; sourceTree = "<group>"; };
		6EA2579D27E0A2FA0081225F /* SleepView.swift */ = {isa = PBXFileReference; lastKnownFileType = sourcecode.swift; path = SleepView.swift; sourceTree = "<group>"; };
		6EA2579F27E0A38A0081225F /* ClockView.swift */ = {isa = PBXFileReference; lastKnownFileType = sourcecode.swift; path = ClockView.swift; sourceTree = "<group>"; };
		6EA257A127E0A6890081225F /* BasicsView.swift */ = {isa = PBXFileReference; lastKnownFileType = sourcecode.swift; path = BasicsView.swift; sourceTree = "<group>"; };
/* End PBXFileReference section */

/* Begin PBXFrameworksBuildPhase section */
		6E8A282627DC757300622762 /* Frameworks */ = {
			isa = PBXFrameworksBuildPhase;
			buildActionMask = 2147483647;
			files = (
			);
			runOnlyForDeploymentPostprocessing = 0;
		};
/* End PBXFrameworksBuildPhase section */

/* Begin PBXGroup section */
		6E8A281327DC757000622762 = {
			isa = PBXGroup;
			children = (
				6E8A282227DC757100622762 /* LifespanPrediction WatchKit App */,
				6E8A282D27DC757300622762 /* LifespanPrediction WatchKit Extension */,
				6E8A281B27DC757000622762 /* Products */,
			);
			sourceTree = "<group>";
		};
		6E8A281B27DC757000622762 /* Products */ = {
			isa = PBXGroup;
			children = (
				6E8A281A27DC757000622762 /* LifespanPrediction.app */,
				6E8A281E27DC757100622762 /* LifespanPrediction WatchKit App.app */,
				6E8A282927DC757300622762 /* LifespanPrediction WatchKit Extension.appex */,
			);
			name = Products;
			sourceTree = "<group>";
		};
		6E8A282227DC757100622762 /* LifespanPrediction WatchKit App */ = {
			isa = PBXGroup;
			children = (
				6E8A282327DC757300622762 /* Assets.xcassets */,
			);
			path = "LifespanPrediction WatchKit App";
			sourceTree = "<group>";
		};
		6E8A282D27DC757300622762 /* LifespanPrediction WatchKit Extension */ = {
			isa = PBXGroup;
			children = (
				6E8A282E27DC757300622762 /* LifespanPredictionApp.swift */,
				6EA2579827E099210081225F /* Views */,
				6EA2579727E0991A0081225F /* ViewModel */,
				6E8A283227DC757300622762 /* NotificationController.swift */,
				6E8A283427DC757300622762 /* NotificationView.swift */,
				6E8A283627DC757300622762 /* ComplicationController.swift */,
				6E8A283827DC757400622762 /* Assets.xcassets */,
				6E8A283D27DC757400622762 /* Info.plist */,
				6E8A283E27DC757400622762 /* PushNotificationPayload.apns */,
				6E8A283A27DC757400622762 /* Preview Content */,
			);
			path = "LifespanPrediction WatchKit Extension";
			sourceTree = "<group>";
		};
		6E8A283A27DC757400622762 /* Preview Content */ = {
			isa = PBXGroup;
			children = (
				6E8A283B27DC757400622762 /* Preview Assets.xcassets */,
			);
			path = "Preview Content";
			sourceTree = "<group>";
		};
		6EA2579727E0991A0081225F /* ViewModel */ = {
			isa = PBXGroup;
			children = (
				6E8A285027DC916800622762 /* LifespanModel.swift */,
			);
			path = ViewModel;
			sourceTree = "<group>";
		};
		6EA2579827E099210081225F /* Views */ = {
			isa = PBXGroup;
			children = (
				6E8A283027DC757300622762 /* ContentView.swift */,
				6EA2579327E0981B0081225F /* InputViews.swift */,
				6EA257A127E0A6890081225F /* BasicsView.swift */,
				6EA2579B27E0A1030081225F /* BMIView.swift */,
				6E8A284E27DC8ED300622762 /* ExerciseView.swift */,
				6EA2579527E098650081225F /* DrugsView.swift */,
				6EA2579927E09FD10081225F /* DietView.swift */,
				6EA2579D27E0A2FA0081225F /* SleepView.swift */,
				6E8A284C27DC7AC700622762 /* CalculateView.swift */,
				6EA2579F27E0A38A0081225F /* ClockView.swift */,
			);
			path = Views;
			sourceTree = "<group>";
		};
/* End PBXGroup section */

/* Begin PBXNativeTarget section */
		6E8A281927DC757000622762 /* LifespanPrediction */ = {
			isa = PBXNativeTarget;
			buildConfigurationList = 6E8A284927DC757400622762 /* Build configuration list for PBXNativeTarget "LifespanPrediction" */;
			buildPhases = (
				6E8A281827DC757000622762 /* Resources */,
				6E8A284827DC757400622762 /* Embed Watch Content */,
			);
			buildRules = (
			);
			dependencies = (
				6E8A282127DC757100622762 /* PBXTargetDependency */,
			);
			name = LifespanPrediction;
			productName = LifespanPrediction;
			productReference = 6E8A281A27DC757000622762 /* LifespanPrediction.app */;
			productType = "com.apple.product-type.application.watchapp2-container";
		};
		6E8A281D27DC757100622762 /* LifespanPrediction WatchKit App */ = {
			isa = PBXNativeTarget;
			buildConfigurationList = 6E8A284527DC757400622762 /* Build configuration list for PBXNativeTarget "LifespanPrediction WatchKit App" */;
			buildPhases = (
				6E8A281C27DC757100622762 /* Resources */,
				6E8A284427DC757400622762 /* Embed App Extensions */,
			);
			buildRules = (
			);
			dependencies = (
				6E8A282C27DC757300622762 /* PBXTargetDependency */,
			);
			name = "LifespanPrediction WatchKit App";
			productName = "LifespanPrediction WatchKit App";
			productReference = 6E8A281E27DC757100622762 /* LifespanPrediction WatchKit App.app */;
			productType = "com.apple.product-type.application.watchapp2";
		};
		6E8A282827DC757300622762 /* LifespanPrediction WatchKit Extension */ = {
			isa = PBXNativeTarget;
			buildConfigurationList = 6E8A284127DC757400622762 /* Build configuration list for PBXNativeTarget "LifespanPrediction WatchKit Extension" */;
			buildPhases = (
				6E8A282527DC757300622762 /* Sources */,
				6E8A282627DC757300622762 /* Frameworks */,
				6E8A282727DC757300622762 /* Resources */,
			);
			buildRules = (
			);
			dependencies = (
			);
			name = "LifespanPrediction WatchKit Extension";
			productName = "LifespanPrediction WatchKit Extension";
			productReference = 6E8A282927DC757300622762 /* LifespanPrediction WatchKit Extension.appex */;
			productType = "com.apple.product-type.watchkit2-extension";
		};
/* End PBXNativeTarget section */

/* Begin PBXProject section */
		6E8A281427DC757000622762 /* Project object */ = {
			isa = PBXProject;
			attributes = {
				BuildIndependentTargetsInParallel = 1;
				LastSwiftUpdateCheck = 1320;
				LastUpgradeCheck = 1320;
				TargetAttributes = {
					6E8A281927DC757000622762 = {
						CreatedOnToolsVersion = 13.2.1;
					};
					6E8A281D27DC757100622762 = {
						CreatedOnToolsVersion = 13.2.1;
					};
					6E8A282827DC757300622762 = {
						CreatedOnToolsVersion = 13.2.1;
					};
				};
			};
			buildConfigurationList = 6E8A281727DC757000622762 /* Build configuration list for PBXProject "LifespanPrediction" */;
			compatibilityVersion = "Xcode 13.0";
			developmentRegion = en;
			hasScannedForEncodings = 0;
			knownRegions = (
				en,
				Base,
			);
			mainGroup = 6E8A281327DC757000622762;
			productRefGroup = 6E8A281B27DC757000622762 /* Products */;
			projectDirPath = "";
			projectRoot = "";
			targets = (
				6E8A281927DC757000622762 /* LifespanPrediction */,
				6E8A281D27DC757100622762 /* LifespanPrediction WatchKit App */,
				6E8A282827DC757300622762 /* LifespanPrediction WatchKit Extension */,
			);
		};
/* End PBXProject section */

/* Begin PBXResourcesBuildPhase section */
		6E8A281827DC757000622762 /* Resources */ = {
			isa = PBXResourcesBuildPhase;
			buildActionMask = 2147483647;
			files = (
			);
			runOnlyForDeploymentPostprocessing = 0;
		};
		6E8A281C27DC757100622762 /* Resources */ = {
			isa = PBXResourcesBuildPhase;
			buildActionMask = 2147483647;
			files = (
				6E8A282427DC757300622762 /* Assets.xcassets in Resources */,
			);
			runOnlyForDeploymentPostprocessing = 0;
		};
		6E8A282727DC757300622762 /* Resources */ = {
			isa = PBXResourcesBuildPhase;
			buildActionMask = 2147483647;
			files = (
				6E8A283C27DC757400622762 /* Preview Assets.xcassets in Resources */,
				6E8A283927DC757400622762 /* Assets.xcassets in Resources */,
			);
			runOnlyForDeploymentPostprocessing = 0;
		};
/* End PBXResourcesBuildPhase section */

/* Begin PBXSourcesBuildPhase section */
		6E8A282527DC757300622762 /* Sources */ = {
			isa = PBXSourcesBuildPhase;
			buildActionMask = 2147483647;
			files = (
				6E8A283327DC757300622762 /* NotificationController.swift in Sources */,
				6E8A285127DC916800622762 /* LifespanModel.swift in Sources */,
				6EA2579627E098650081225F /* DrugsView.swift in Sources */,
				6EA2579C27E0A1030081225F /* BMIView.swift in Sources */,
				6EA257A227E0A6890081225F /* BasicsView.swift in Sources */,
				6E8A284D27DC7AC700622762 /* CalculateView.swift in Sources */,
				6E8A283127DC757300622762 /* ContentView.swift in Sources */,
				6E8A283727DC757300622762 /* ComplicationController.swift in Sources */,
				6EA2579E27E0A2FA0081225F /* SleepView.swift in Sources */,
				6EA2579A27E09FD10081225F /* DietView.swift in Sources */,
				6E8A282F27DC757300622762 /* LifespanPredictionApp.swift in Sources */,
				6E8A284F27DC8ED300622762 /* ExerciseView.swift in Sources */,
				6EA257A027E0A38A0081225F /* ClockView.swift in Sources */,
				6EA2579427E0981B0081225F /* InputViews.swift in Sources */,
				6E8A283527DC757300622762 /* NotificationView.swift in Sources */,
			);
			runOnlyForDeploymentPostprocessing = 0;
		};
/* End PBXSourcesBuildPhase section */

/* Begin PBXTargetDependency section */
		6E8A282127DC757100622762 /* PBXTargetDependency */ = {
			isa = PBXTargetDependency;
			target = 6E8A281D27DC757100622762 /* LifespanPrediction WatchKit App */;
			targetProxy = 6E8A282027DC757100622762 /* PBXContainerItemProxy */;
		};
		6E8A282C27DC757300622762 /* PBXTargetDependency */ = {
			isa = PBXTargetDependency;
			target = 6E8A282827DC757300622762 /* LifespanPrediction WatchKit Extension */;
			targetProxy = 6E8A282B27DC757300622762 /* PBXContainerItemProxy */;
		};
/* End PBXTargetDependency section */

/* Begin XCBuildConfiguration section */
		6E8A283F27DC757400622762 /* Debug */ = {
			isa = XCBuildConfiguration;
			buildSettings = {
				ALWAYS_SEARCH_USER_PATHS = NO;
				CLANG_ANALYZER_NONNULL = YES;
				CLANG_ANALYZER_NUMBER_OBJECT_CONVERSION = YES_AGGRESSIVE;
				CLANG_CXX_LANGUAGE_STANDARD = "gnu++17";
				CLANG_CXX_LIBRARY = "libc++";
				CLANG_ENABLE_MODULES = YES;
				CLANG_ENABLE_OBJC_ARC = YES;
				CLANG_ENABLE_OBJC_WEAK = YES;
				CLANG_WARN_BLOCK_CAPTURE_AUTORELEASING = YES;
				CLANG_WARN_BOOL_CONVERSION = YES;
				CLANG_WARN_COMMA = YES;
				CLANG_WARN_CONSTANT_CONVERSION = YES;
				CLANG_WARN_DEPRECATED_OBJC_IMPLEMENTATIONS = YES;
				CLANG_WARN_DIRECT_OBJC_ISA_USAGE = YES_ERROR;
				CLANG_WARN_DOCUMENTATION_COMMENTS = YES;
				CLANG_WARN_EMPTY_BODY = YES;
				CLANG_WARN_ENUM_CONVERSION = YES;
				CLANG_WARN_INFINITE_RECURSION = YES;
				CLANG_WARN_INT_CONVERSION = YES;
				CLANG_WARN_NON_LITERAL_NULL_CONVERSION = YES;
				CLANG_WARN_OBJC_IMPLICIT_RETAIN_SELF = YES;
				CLANG_WARN_OBJC_LITERAL_CONVERSION = YES;
				CLANG_WARN_OBJC_ROOT_CLASS = YES_ERROR;
				CLANG_WARN_QUOTED_INCLUDE_IN_FRAMEWORK_HEADER = YES;
				CLANG_WARN_RANGE_LOOP_ANALYSIS = YES;
				CLANG_WARN_STRICT_PROTOTYPES = YES;
				CLANG_WARN_SUSPICIOUS_MOVE = YES;
				CLANG_WARN_UNGUARDED_AVAILABILITY = YES_AGGRESSIVE;
				CLANG_WARN_UNREACHABLE_CODE = YES;
				CLANG_WARN__DUPLICATE_METHOD_MATCH = YES;
				COPY_PHASE_STRIP = NO;
				DEBUG_INFORMATION_FORMAT = dwarf;
				ENABLE_STRICT_OBJC_MSGSEND = YES;
				ENABLE_TESTABILITY = YES;
				GCC_C_LANGUAGE_STANDARD = gnu11;
				GCC_DYNAMIC_NO_PIC = NO;
				GCC_NO_COMMON_BLOCKS = YES;
				GCC_OPTIMIZATION_LEVEL = 0;
				GCC_PREPROCESSOR_DEFINITIONS = (
					"DEBUG=1",
					"$(inherited)",
				);
				GCC_WARN_64_TO_32_BIT_CONVERSION = YES;
				GCC_WARN_ABOUT_RETURN_TYPE = YES_ERROR;
				GCC_WARN_UNDECLARED_SELECTOR = YES;
				GCC_WARN_UNINITIALIZED_AUTOS = YES_AGGRESSIVE;
				GCC_WARN_UNUSED_FUNCTION = YES;
				GCC_WARN_UNUSED_VARIABLE = YES;
				MTL_ENABLE_DEBUG_INFO = INCLUDE_SOURCE;
				MTL_FAST_MATH = YES;
				ONLY_ACTIVE_ARCH = YES;
				SDKROOT = iphoneos;
				SWIFT_ACTIVE_COMPILATION_CONDITIONS = DEBUG;
				SWIFT_OPTIMIZATION_LEVEL = "-Onone";
			};
			name = Debug;
		};
		6E8A284027DC757400622762 /* Release */ = {
			isa = XCBuildConfiguration;
			buildSettings = {
				ALWAYS_SEARCH_USER_PATHS = NO;
				CLANG_ANALYZER_NONNULL = YES;
				CLANG_ANALYZER_NUMBER_OBJECT_CONVERSION = YES_AGGRESSIVE;
				CLANG_CXX_LANGUAGE_STANDARD = "gnu++17";
				CLANG_CXX_LIBRARY = "libc++";
				CLANG_ENABLE_MODULES = YES;
				CLANG_ENABLE_OBJC_ARC = YES;
				CLANG_ENABLE_OBJC_WEAK = YES;
				CLANG_WARN_BLOCK_CAPTURE_AUTORELEASING = YES;
				CLANG_WARN_BOOL_CONVERSION = YES;
				CLANG_WARN_COMMA = YES;
				CLANG_WARN_CONSTANT_CONVERSION = YES;
				CLANG_WARN_DEPRECATED_OBJC_IMPLEMENTATIONS = YES;
				CLANG_WARN_DIRECT_OBJC_ISA_USAGE = YES_ERROR;
				CLANG_WARN_DOCUMENTATION_COMMENTS = YES;
				CLANG_WARN_EMPTY_BODY = YES;
				CLANG_WARN_ENUM_CONVERSION = YES;
				CLANG_WARN_INFINITE_RECURSION = YES;
				CLANG_WARN_INT_CONVERSION = YES;
				CLANG_WARN_NON_LITERAL_NULL_CONVERSION = YES;
				CLANG_WARN_OBJC_IMPLICIT_RETAIN_SELF = YES;
				CLANG_WARN_OBJC_LITERAL_CONVERSION = YES;
				CLANG_WARN_OBJC_ROOT_CLASS = YES_ERROR;
				CLANG_WARN_QUOTED_INCLUDE_IN_FRAMEWORK_HEADER = YES;
				CLANG_WARN_RANGE_LOOP_ANALYSIS = YES;
				CLANG_WARN_STRICT_PROTOTYPES = YES;
				CLANG_WARN_SUSPICIOUS_MOVE = YES;
				CLANG_WARN_UNGUARDED_AVAILABILITY = YES_AGGRESSIVE;
				CLANG_WARN_UNREACHABLE_CODE = YES;
				CLANG_WARN__DUPLICATE_METHOD_MATCH = YES;
				COPY_PHASE_STRIP = NO;
				DEBUG_INFORMATION_FORMAT = "dwarf-with-dsym";
				ENABLE_NS_ASSERTIONS = NO;
				ENABLE_STRICT_OBJC_MSGSEND = YES;
				GCC_C_LANGUAGE_STANDARD = gnu11;
				GCC_NO_COMMON_BLOCKS = YES;
				GCC_WARN_64_TO_32_BIT_CONVERSION = YES;
				GCC_WARN_ABOUT_RETURN_TYPE = YES_ERROR;
				GCC_WARN_UNDECLARED_SELECTOR = YES;
				GCC_WARN_UNINITIALIZED_AUTOS = YES_AGGRESSIVE;
				GCC_WARN_UNUSED_FUNCTION = YES;
				GCC_WARN_UNUSED_VARIABLE = YES;
				MTL_ENABLE_DEBUG_INFO = NO;
				MTL_FAST_MATH = YES;
				SDKROOT = iphoneos;
				SWIFT_COMPILATION_MODE = wholemodule;
				SWIFT_OPTIMIZATION_LEVEL = "-O";
				VALIDATE_PRODUCT = YES;
			};
			name = Release;
		};
		6E8A284227DC757400622762 /* Debug */ = {
			isa = XCBuildConfiguration;
			buildSettings = {
				ASSETCATALOG_COMPILER_COMPLICATION_NAME = Complication;
				CODE_SIGN_STYLE = Automatic;
				CURRENT_PROJECT_VERSION = 1;
				DEVELOPMENT_ASSET_PATHS = "\"LifespanPrediction WatchKit Extension/Preview Content\"";
				DEVELOPMENT_TEAM = N7984FV22G;
				ENABLE_PREVIEWS = YES;
				GENERATE_INFOPLIST_FILE = YES;
				INFOPLIST_FILE = "LifespanPrediction WatchKit Extension/Info.plist";
				INFOPLIST_KEY_CFBundleDisplayName = "LifespanPrediction WatchKit Extension";
				INFOPLIST_KEY_CLKComplicationPrincipalClass = "$(PRODUCT_MODULE_NAME).ComplicationController";
				INFOPLIST_KEY_NSHumanReadableCopyright = "";
				INFOPLIST_KEY_WKWatchOnly = YES;
				LD_RUNPATH_SEARCH_PATHS = (
					"$(inherited)",
					"@executable_path/Frameworks",
					"@executable_path/../../Frameworks",
				);
				MARKETING_VERSION = 1.0;
				PRODUCT_BUNDLE_IDENTIFIER = HH.Studios.LifespanPrediction.watchkitapp.watchkitextension;
				PRODUCT_NAME = "${TARGET_NAME}";
				SDKROOT = watchos;
				SKIP_INSTALL = YES;
				SWIFT_EMIT_LOC_STRINGS = YES;
				SWIFT_VERSION = 5.0;
				TARGETED_DEVICE_FAMILY = 4;
				WATCHOS_DEPLOYMENT_TARGET = 8.3;
			};
			name = Debug;
		};
		6E8A284327DC757400622762 /* Release */ = {
			isa = XCBuildConfiguration;
			buildSettings = {
				ASSETCATALOG_COMPILER_COMPLICATION_NAME = Complication;
				CODE_SIGN_STYLE = Automatic;
				CURRENT_PROJECT_VERSION = 1;
				DEVELOPMENT_ASSET_PATHS = "\"LifespanPrediction WatchKit Extension/Preview Content\"";
				DEVELOPMENT_TEAM = N7984FV22G;
				ENABLE_PREVIEWS = YES;
				GENERATE_INFOPLIST_FILE = YES;
				INFOPLIST_FILE = "LifespanPrediction WatchKit Extension/Info.plist";
				INFOPLIST_KEY_CFBundleDisplayName = "LifespanPrediction WatchKit Extension";
				INFOPLIST_KEY_CLKComplicationPrincipalClass = "$(PRODUCT_MODULE_NAME).ComplicationController";
				INFOPLIST_KEY_NSHumanReadableCopyright = "";
				INFOPLIST_KEY_WKWatchOnly = YES;
				LD_RUNPATH_SEARCH_PATHS = (
					"$(inherited)",
					"@executable_path/Frameworks",
					"@executable_path/../../Frameworks",
				);
				MARKETING_VERSION = 1.0;
				PRODUCT_BUNDLE_IDENTIFIER = HH.Studios.LifespanPrediction.watchkitapp.watchkitextension;
				PRODUCT_NAME = "${TARGET_NAME}";
				SDKROOT = watchos;
				SKIP_INSTALL = YES;
				SWIFT_EMIT_LOC_STRINGS = YES;
				SWIFT_VERSION = 5.0;
				TARGETED_DEVICE_FAMILY = 4;
				WATCHOS_DEPLOYMENT_TARGET = 8.3;
			};
			name = Release;
		};
		6E8A284627DC757400622762 /* Debug */ = {
			isa = XCBuildConfiguration;
			buildSettings = {
				ALWAYS_EMBED_SWIFT_STANDARD_LIBRARIES = YES;
				ASSETCATALOG_COMPILER_APPICON_NAME = AppIcon;
				ASSETCATALOG_COMPILER_GLOBAL_ACCENT_COLOR_NAME = AccentColor;
				CODE_SIGN_STYLE = Automatic;
				CURRENT_PROJECT_VERSION = 1;
				DEVELOPMENT_TEAM = N7984FV22G;
				GENERATE_INFOPLIST_FILE = YES;
				IBSC_MODULE = LifespanPrediction_WatchKit_Extension;
				INFOPLIST_KEY_CFBundleDisplayName = "LifespanPrediction WatchKit App";
				INFOPLIST_KEY_UISupportedInterfaceOrientations = "UIInterfaceOrientationPortrait UIInterfaceOrientationPortraitUpsideDown";
				MARKETING_VERSION = 1.0;
				PRODUCT_BUNDLE_IDENTIFIER = HH.Studios.LifespanPrediction.watchkitapp;
				PRODUCT_NAME = "$(TARGET_NAME)";
				SDKROOT = watchos;
				SKIP_INSTALL = YES;
				SWIFT_EMIT_LOC_STRINGS = YES;
				SWIFT_VERSION = 5.0;
				TARGETED_DEVICE_FAMILY = 4;
				WATCHOS_DEPLOYMENT_TARGET = 8.3;
			};
			name = Debug;
		};
		6E8A284727DC757400622762 /* Release */ = {
			isa = XCBuildConfiguration;
			buildSettings = {
				ALWAYS_EMBED_SWIFT_STANDARD_LIBRARIES = YES;
				ASSETCATALOG_COMPILER_APPICON_NAME = AppIcon;
				ASSETCATALOG_COMPILER_GLOBAL_ACCENT_COLOR_NAME = AccentColor;
				CODE_SIGN_STYLE = Automatic;
				CURRENT_PROJECT_VERSION = 1;
				DEVELOPMENT_TEAM = N7984FV22G;
				GENERATE_INFOPLIST_FILE = YES;
				IBSC_MODULE = LifespanPrediction_WatchKit_Extension;
				INFOPLIST_KEY_CFBundleDisplayName = "LifespanPrediction WatchKit App";
				INFOPLIST_KEY_UISupportedInterfaceOrientations = "UIInterfaceOrientationPortrait UIInterfaceOrientationPortraitUpsideDown";
				MARKETING_VERSION = 1.0;
				PRODUCT_BUNDLE_IDENTIFIER = HH.Studios.LifespanPrediction.watchkitapp;
				PRODUCT_NAME = "$(TARGET_NAME)";
				SDKROOT = watchos;
				SKIP_INSTALL = YES;
				SWIFT_EMIT_LOC_STRINGS = YES;
				SWIFT_VERSION = 5.0;
				TARGETED_DEVICE_FAMILY = 4;
				WATCHOS_DEPLOYMENT_TARGET = 8.3;
			};
			name = Release;
		};
		6E8A284A27DC757400622762 /* Debug */ = {
			isa = XCBuildConfiguration;
			buildSettings = {
				CODE_SIGN_STYLE = Automatic;
				CURRENT_PROJECT_VERSION = 1;
				DEVELOPMENT_TEAM = N7984FV22G;
				MARKETING_VERSION = 1.0;
				PRODUCT_BUNDLE_IDENTIFIER = HH.Studios.LifespanPrediction;
				PRODUCT_NAME = "$(TARGET_NAME)";
				SWIFT_VERSION = 5.0;
			};
			name = Debug;
		};
		6E8A284B27DC757400622762 /* Release */ = {
			isa = XCBuildConfiguration;
			buildSettings = {
				CODE_SIGN_STYLE = Automatic;
				CURRENT_PROJECT_VERSION = 1;
				DEVELOPMENT_TEAM = N7984FV22G;
				MARKETING_VERSION = 1.0;
				PRODUCT_BUNDLE_IDENTIFIER = HH.Studios.LifespanPrediction;
				PRODUCT_NAME = "$(TARGET_NAME)";
				SWIFT_VERSION = 5.0;
			};
			name = Release;
		};
/* End XCBuildConfiguration section */

/* Begin XCConfigurationList section */
		6E8A281727DC757000622762 /* Build configuration list for PBXProject "LifespanPrediction" */ = {
			isa = XCConfigurationList;
			buildConfigurations = (
				6E8A283F27DC757400622762 /* Debug */,
				6E8A284027DC757400622762 /* Release */,
			);
			defaultConfigurationIsVisible = 0;
			defaultConfigurationName = Release;
		};
		6E8A284127DC757400622762 /* Build configuration list for PBXNativeTarget "LifespanPrediction WatchKit Extension" */ = {
			isa = XCConfigurationList;
			buildConfigurations = (
				6E8A284227DC757400622762 /* Debug */,
				6E8A284327DC757400622762 /* Release */,
			);
			defaultConfigurationIsVisible = 0;
			defaultConfigurationName = Release;
		};
		6E8A284527DC757400622762 /* Build configuration list for PBXNativeTarget "LifespanPrediction WatchKit App" */ = {
			isa = XCConfigurationList;
			buildConfigurations = (
				6E8A284627DC757400622762 /* Debug */,
				6E8A284727DC757400622762 /* Release */,
			);
			defaultConfigurationIsVisible = 0;
			defaultConfigurationName = Release;
		};
		6E8A284927DC757400622762 /* Build configuration list for PBXNativeTarget "LifespanPrediction" */ = {
			isa = XCConfigurationList;
			buildConfigurations = (
				6E8A284A27DC757400622762 /* Debug */,
				6E8A284B27DC757400622762 /* Release */,
			);
			defaultConfigurationIsVisible = 0;
			defaultConfigurationName = Release;
		};
/* End XCConfigurationList section */
	};
	rootObject = 6E8A281427DC757000622762 /* Project object */;
}
